
Microsoft Visual Studio Solution File, Format Version 12.00
# Visual Studio Version 16
VisualStudioVersion = 16.0.29424.173
MinimumVisualStudioVersion = 10.0.40219.1
Project("{FAE04EC0-301F-11D3-BF4B-00C04F79EFBC}") = "Floricultura2", "Floricultura2\Floricultura2.csproj", "{909EC62E-4A9E-4411-BD40-87435927A492}"
EndProject
Global
	GlobalSection(SolutionConfigurationPlatforms) = preSolution
		Debug|Any CPU = Debug|Any CPU
		Release|Any CPU = Release|Any CPU
	EndGlobalSection
	GlobalSection(ProjectConfigurationPlatforms) = postSolution
		{909EC62E-4A9E-4411-BD40-87435927A492}.Debug|Any CPU.ActiveCfg = Debug|Any CPU
		{909EC62E-4A9E-4411-BD40-87435927A492}.Debug|Any CPU.Build.0 = Debug|Any CPU
		{909EC62E-4A9E-4411-BD40-87435927A492}.Release|Any CPU.ActiveCfg = Release|Any CPU
		{909EC62E-4A9E-4411-BD40-87435927A492}.Release|Any CPU.Build.0 = Release|Any CPU
	EndGlobalSection
	GlobalSection(SolutionProperties) = preSolution
		HideSolutionNode = FALSE
	EndGlobalSection
	GlobalSection(ExtensibilityGlobals) = postSolution
		SolutionGuid = {8BD1F834-46C8-4C8C-85DA-C38F6BD06A17}
	EndGlobalSection
EndGlobal
